
Microsoft Visual Studio Solution File, Format Version 12.00
# Visual Studio Version 16
VisualStudioVersion = 16.0.30320.27
MinimumVisualStudioVersion = 10.0.40219.1
Project("{FAE04EC0-301F-11D3-BF4B-00C04F79EFBC}") = "ModuloSeguridad", "ModuloSeguridad\ModuloSeguridad.csproj", "{45BB6D98-DD9A-4B58-9B56-68E541AA9080}"
EndProject
Global
	GlobalSection(SolutionConfigurationPlatforms) = preSolution
		Debug|Any CPU = Debug|Any CPU
		Release|Any CPU = Release|Any CPU
	EndGlobalSection
	GlobalSection(ProjectConfigurationPlatforms) = postSolution
		{45BB6D98-DD9A-4B58-9B56-68E541AA9080}.Debug|Any CPU.ActiveCfg = Debug|Any CPU
		{45BB6D98-DD9A-4B58-9B56-68E541AA9080}.Debug|Any CPU.Build.0 = Debug|Any CPU
		{45BB6D98-DD9A-4B58-9B56-68E541AA9080}.Release|Any CPU.ActiveCfg = Release|Any CPU
		{45BB6D98-DD9A-4B58-9B56-68E541AA9080}.Release|Any CPU.Build.0 = Release|Any CPU
	EndGlobalSection
	GlobalSection(SolutionProperties) = preSolution
		HideSolutionNode = FALSE
	EndGlobalSection
	GlobalSection(ExtensibilityGlobals) = postSolution
		SolutionGuid = {B8B2833C-D13D-4113-A533-E94408F95049}
	EndGlobalSection
EndGlobal
